// !$*UTF8*$!
{
	archiveVersion = 1;
	classes = {
	};
	objectVersion = 51;
	objects = {

/* Begin PBXBuildFile section */
		6B53662423D9A97200E90743 /* AppDelegate.swift in Sources */ = {isa = PBXBuildFile; fileRef = 6B53662323D9A97200E90743 /* AppDelegate.swift */; };
		6B53662623D9A97200E90743 /* SceneDelegate.swift in Sources */ = {isa = PBXBuildFile; fileRef = 6B53662523D9A97200E90743 /* SceneDelegate.swift */; };
		6B53662B23D9A97200E90743 /* Main.storyboard in Resources */ = {isa = PBXBuildFile; fileRef = 6B53662923D9A97200E90743 /* Main.storyboard */; };
		6B53662D23D9A97500E90743 /* Assets.xcassets in Resources */ = {isa = PBXBuildFile; fileRef = 6B53662C23D9A97500E90743 /* Assets.xcassets */; };
		6B53663023D9A97500E90743 /* LaunchScreen.storyboard in Resources */ = {isa = PBXBuildFile; fileRef = 6B53662E23D9A97500E90743 /* LaunchScreen.storyboard */; };
		6B53663A23D9C0F900E90743 /* SettingsViewController.swift in Sources */ = {isa = PBXBuildFile; fileRef = 6B53663923D9C0F900E90743 /* SettingsViewController.swift */; };
		6BD771CC23F5319500E73F5B /* TickersViewController.swift in Sources */ = {isa = PBXBuildFile; fileRef = 6BD771CB23F5319500E73F5B /* TickersViewController.swift */; };
		6BD771CE23F5320F00E73F5B /* Coins.swift in Sources */ = {isa = PBXBuildFile; fileRef = 6BD771CD23F5320F00E73F5B /* Coins.swift */; };
		6BD771D023F532D000E73F5B /* GetCoins.swift in Sources */ = {isa = PBXBuildFile; fileRef = 6BD771CF23F532D000E73F5B /* GetCoins.swift */; };
		6BD771D223F5333200E73F5B /* NetError.swift in Sources */ = {isa = PBXBuildFile; fileRef = 6BD771D123F5333200E73F5B /* NetError.swift */; };
		6BD771D423F53F9600E73F5B /* CoinsCell.swift in Sources */ = {isa = PBXBuildFile; fileRef = 6BD771D323F53F9600E73F5B /* CoinsCell.swift */; };
		6BD771D823F540F500E73F5B /* CoinsNetworking.swift in Sources */ = {isa = PBXBuildFile; fileRef = 6BD771D723F540F500E73F5B /* CoinsNetworking.swift */; };
		6BD771DA23F5425400E73F5B /* NetService.swift in Sources */ = {isa = PBXBuildFile; fileRef = 6BD771D923F5425400E73F5B /* NetService.swift */; };
		6BD771DD23F551A600E73F5B /* NetwService.swift in Sources */ = {isa = PBXBuildFile; fileRef = 6BD771DC23F551A600E73F5B /* NetwService.swift */; };
		6BD771DF23F551B900E73F5B /* NewsNetworking.swift in Sources */ = {isa = PBXBuildFile; fileRef = 6BD771DE23F551B900E73F5B /* NewsNetworking.swift */; };
		6BD771E123F551CD00E73F5B /* News.swift in Sources */ = {isa = PBXBuildFile; fileRef = 6BD771E023F551CD00E73F5B /* News.swift */; };
		6BD771E323F551DC00E73F5B /* GetNews.swift in Sources */ = {isa = PBXBuildFile; fileRef = 6BD771E223F551DC00E73F5B /* GetNews.swift */; };
		6BD771E523F551F900E73F5B /* NewsViewController.swift in Sources */ = {isa = PBXBuildFile; fileRef = 6BD771E423F551F900E73F5B /* NewsViewController.swift */; };
		6BD771E723F5521A00E73F5B /* NewsTableViewCell.swift in Sources */ = {isa = PBXBuildFile; fileRef = 6BD771E623F5521A00E73F5B /* NewsTableViewCell.swift */; };
		CAF0BD376C1E16E5DE26AEF4 /* Pods_BitcoinApp.framework in Frameworks */ = {isa = PBXBuildFile; fileRef = 939E533FD75E4EBA59BDA532 /* Pods_BitcoinApp.framework */; };
/* End PBXBuildFile section */

/* Begin PBXFileReference section */
		6B53662023D9A97200E90743 /* BitcoinApp.app */ = {isa = PBXFileReference; explicitFileType = wrapper.application; includeInIndex = 0; path = BitcoinApp.app; sourceTree = BUILT_PRODUCTS_DIR; };
		6B53662323D9A97200E90743 /* AppDelegate.swift */ = {isa = PBXFileReference; lastKnownFileType = sourcecode.swift; path = AppDelegate.swift; sourceTree = "<group>"; };
		6B53662523D9A97200E90743 /* SceneDelegate.swift */ = {isa = PBXFileReference; lastKnownFileType = sourcecode.swift; path = SceneDelegate.swift; sourceTree = "<group>"; };
		6B53662A23D9A97200E90743 /* Base */ = {isa = PBXFileReference; lastKnownFileType = file.storyboard; name = Base; path = Base.lproj/Main.storyboard; sourceTree = "<group>"; };
		6B53662C23D9A97500E90743 /* Assets.xcassets */ = {isa = PBXFileReference; lastKnownFileType = folder.assetcatalog; path = Assets.xcassets; sourceTree = "<group>"; };
		6B53662F23D9A97500E90743 /* Base */ = {isa = PBXFileReference; lastKnownFileType = file.storyboard; name = Base; path = Base.lproj/LaunchScreen.storyboard; sourceTree = "<group>"; };
		6B53663123D9A97500E90743 /* Info.plist */ = {isa = PBXFileReference; lastKnownFileType = text.plist.xml; path = Info.plist; sourceTree = "<group>"; };
		6B53663923D9C0F900E90743 /* SettingsViewController.swift */ = {isa = PBXFileReference; lastKnownFileType = sourcecode.swift; path = SettingsViewController.swift; sourceTree = "<group>"; };
		6BD771CB23F5319500E73F5B /* TickersViewController.swift */ = {isa = PBXFileReference; lastKnownFileType = sourcecode.swift; path = TickersViewController.swift; sourceTree = "<group>"; };
		6BD771CD23F5320F00E73F5B /* Coins.swift */ = {isa = PBXFileReference; lastKnownFileType = sourcecode.swift; path = Coins.swift; sourceTree = "<group>"; };
		6BD771CF23F532D000E73F5B /* GetCoins.swift */ = {isa = PBXFileReference; lastKnownFileType = sourcecode.swift; path = GetCoins.swift; sourceTree = "<group>"; };
		6BD771D123F5333200E73F5B /* NetError.swift */ = {isa = PBXFileReference; lastKnownFileType = sourcecode.swift; path = NetError.swift; sourceTree = "<group>"; };
		6BD771D323F53F9600E73F5B /* CoinsCell.swift */ = {isa = PBXFileReference; lastKnownFileType = sourcecode.swift; path = CoinsCell.swift; sourceTree = "<group>"; };
		6BD771D723F540F500E73F5B /* CoinsNetworking.swift */ = {isa = PBXFileReference; lastKnownFileType = sourcecode.swift; path = CoinsNetworking.swift; sourceTree = "<group>"; };
		6BD771D923F5425400E73F5B /* NetService.swift */ = {isa = PBXFileReference; lastKnownFileType = sourcecode.swift; path = NetService.swift; sourceTree = "<group>"; };
		6BD771DC23F551A600E73F5B /* NetwService.swift */ = {isa = PBXFileReference; lastKnownFileType = sourcecode.swift; path = NetwService.swift; sourceTree = "<group>"; };
		6BD771DE23F551B900E73F5B /* NewsNetworking.swift */ = {isa = PBXFileReference; lastKnownFileType = sourcecode.swift; path = NewsNetworking.swift; sourceTree = "<group>"; };
		6BD771E023F551CD00E73F5B /* News.swift */ = {isa = PBXFileReference; lastKnownFileType = sourcecode.swift; path = News.swift; sourceTree = "<group>"; };
		6BD771E223F551DC00E73F5B /* GetNews.swift */ = {isa = PBXFileReference; lastKnownFileType = sourcecode.swift; path = GetNews.swift; sourceTree = "<group>"; };
		6BD771E423F551F900E73F5B /* NewsViewController.swift */ = {isa = PBXFileReference; lastKnownFileType = sourcecode.swift; path = NewsViewController.swift; sourceTree = "<group>"; };
		6BD771E623F5521A00E73F5B /* NewsTableViewCell.swift */ = {isa = PBXFileReference; lastKnownFileType = sourcecode.swift; path = NewsTableViewCell.swift; sourceTree = "<group>"; };
		7B417328F8642C5B9657896C /* Pods-BitcoinApp.debug.xcconfig */ = {isa = PBXFileReference; includeInIndex = 1; lastKnownFileType = text.xcconfig; name = "Pods-BitcoinApp.debug.xcconfig"; path = "Target Support Files/Pods-BitcoinApp/Pods-BitcoinApp.debug.xcconfig"; sourceTree = "<group>"; };
		939E533FD75E4EBA59BDA532 /* Pods_BitcoinApp.framework */ = {isa = PBXFileReference; explicitFileType = wrapper.framework; includeInIndex = 0; path = Pods_BitcoinApp.framework; sourceTree = BUILT_PRODUCTS_DIR; };
		BE2A60C4C4135EE7D12A9EE4 /* Pods-BitcoinApp.release.xcconfig */ = {isa = PBXFileReference; includeInIndex = 1; lastKnownFileType = text.xcconfig; name = "Pods-BitcoinApp.release.xcconfig"; path = "Target Support Files/Pods-BitcoinApp/Pods-BitcoinApp.release.xcconfig"; sourceTree = "<group>"; };
/* End PBXFileReference section */

/* Begin PBXFrameworksBuildPhase section */
		6B53661D23D9A97200E90743 /* Frameworks */ = {
			isa = PBXFrameworksBuildPhase;
			buildActionMask = 2147483647;
			files = (
				CAF0BD376C1E16E5DE26AEF4 /* Pods_BitcoinApp.framework in Frameworks */,
			);
			runOnlyForDeploymentPostprocessing = 0;
		};
/* End PBXFrameworksBuildPhase section */

/* Begin PBXGroup section */
		088B75AF7A589D158FC72270 /* Frameworks */ = {
			isa = PBXGroup;
			children = (
				939E533FD75E4EBA59BDA532 /* Pods_BitcoinApp.framework */,
			);
			name = Frameworks;
			sourceTree = "<group>";
		};
		6B375A8B23F3DA6F00987B90 /* Tickers */ = {
			isa = PBXGroup;
			children = (
				6B375A8E23F3DAEB00987B90 /* Model */,
				6B375A9023F3DB0800987B90 /* Controller */,
				6B375A8F23F3DAF600987B90 /* View */,
			);
			path = Tickers;
			sourceTree = "<group>";
		};
		6B375A8C23F3DA8800987B90 /* LatestNews */ = {
			isa = PBXGroup;
			children = (
				6B375A9523F3E16500987B90 /* Model */,
				6B375A9723F3E17800987B90 /* Controller */,
				6B375A9623F3E17000987B90 /* View */,
			);
			path = LatestNews;
			sourceTree = "<group>";
		};
		6B375A8D23F3DAA200987B90 /* Settings */ = {
			isa = PBXGroup;
			children = (
				6B375A9A23F3E19500987B90 /* Controller */,
				6B375A9923F3E18A00987B90 /* Model */,
				6B375A9823F3E18300987B90 /* View */,
			);
			path = Settings;
			sourceTree = "<group>";
		};
		6B375A8E23F3DAEB00987B90 /* Model */ = {
			isa = PBXGroup;
			children = (
				6BD771D623F5401F00E73F5B /* Service */,
				6BD771CD23F5320F00E73F5B /* Coins.swift */,
				6BD771CF23F532D000E73F5B /* GetCoins.swift */,
			);
			path = Model;
			sourceTree = "<group>";
		};
		6B375A8F23F3DAF600987B90 /* View */ = {
			isa = PBXGroup;
			children = (
				6BD771D323F53F9600E73F5B /* CoinsCell.swift */,
			);
			path = View;
			sourceTree = "<group>";
		};
		6B375A9023F3DB0800987B90 /* Controller */ = {
			isa = PBXGroup;
			children = (
				6BD771CB23F5319500E73F5B /* TickersViewController.swift */,
			);
			path = Controller;
			sourceTree = "<group>";
		};
		6B375A9123F3DB4400987B90 /* Global */ = {
			isa = PBXGroup;
			children = (
				6B375A9E23F3E27B00987B90 /* Service */,
				6B375A9D23F3E21B00987B90 /* Model */,
				6B375A9C23F3E21100987B90 /* Controller */,
				6B375A9B23F3E20200987B90 /* View */,
			);
			path = Global;
			sourceTree = "<group>";
		};
		6B375A9523F3E16500987B90 /* Model */ = {
			isa = PBXGroup;
			children = (
				6BD771DB23F5518300E73F5B /* Service */,
				6BD771E023F551CD00E73F5B /* News.swift */,
				6BD771E223F551DC00E73F5B /* GetNews.swift */,
			);
			path = Model;
			sourceTree = "<group>";
		};
		6B375A9623F3E17000987B90 /* View */ = {
			isa = PBXGroup;
			children = (
				6BD771E623F5521A00E73F5B /* NewsTableViewCell.swift */,
			);
			path = View;
			sourceTree = "<group>";
		};
		6B375A9723F3E17800987B90 /* Controller */ = {
			isa = PBXGroup;
			children = (
				6BD771E423F551F900E73F5B /* NewsViewController.swift */,
			);
			path = Controller;
			sourceTree = "<group>";
		};
		6B375A9823F3E18300987B90 /* View */ = {
			isa = PBXGroup;
			children = (
			);
			path = View;
			sourceTree = "<group>";
		};
		6B375A9923F3E18A00987B90 /* Model */ = {
			isa = PBXGroup;
			children = (
			);
			path = Model;
			sourceTree = "<group>";
		};
		6B375A9A23F3E19500987B90 /* Controller */ = {
			isa = PBXGroup;
			children = (
				6B53663923D9C0F900E90743 /* SettingsViewController.swift */,
			);
			path = Controller;
			sourceTree = "<group>";
		};
		6B375A9B23F3E20200987B90 /* View */ = {
			isa = PBXGroup;
			children = (
				6B53662923D9A97200E90743 /* Main.storyboard */,
				6B53662C23D9A97500E90743 /* Assets.xcassets */,
				6B53662E23D9A97500E90743 /* LaunchScreen.storyboard */,
			);
			path = View;
			sourceTree = "<group>";
		};
		6B375A9C23F3E21100987B90 /* Controller */ = {
			isa = PBXGroup;
			children = (
				6B53662523D9A97200E90743 /* SceneDelegate.swift */,
				6B53662323D9A97200E90743 /* AppDelegate.swift */,
			);
			path = Controller;
			sourceTree = "<group>";
		};
		6B375A9D23F3E21B00987B90 /* Model */ = {
			isa = PBXGroup;
			children = (
				6BD771D123F5333200E73F5B /* NetError.swift */,
			);
			path = Model;
			sourceTree = "<group>";
		};
		6B375A9E23F3E27B00987B90 /* Service */ = {
			isa = PBXGroup;
			children = (
			);
			path = Service;
			sourceTree = "<group>";
		};
		6B53661723D9A97200E90743 = {
			isa = PBXGroup;
			children = (
				6B53662223D9A97200E90743 /* BitcoinApp */,
				6B53662123D9A97200E90743 /* Products */,
				F2CBBB4E0C42DAD5823FC777 /* Pods */,
				088B75AF7A589D158FC72270 /* Frameworks */,
			);
			sourceTree = "<group>";
		};
		6B53662123D9A97200E90743 /* Products */ = {
			isa = PBXGroup;
			children = (
				6B53662023D9A97200E90743 /* BitcoinApp.app */,
			);
			name = Products;
			sourceTree = "<group>";
		};
		6B53662223D9A97200E90743 /* BitcoinApp */ = {
			isa = PBXGroup;
			children = (
				6B53663123D9A97500E90743 /* Info.plist */,
				6B375A8B23F3DA6F00987B90 /* Tickers */,
				6B375A8C23F3DA8800987B90 /* LatestNews */,
				6B375A8D23F3DAA200987B90 /* Settings */,
				6B375A9123F3DB4400987B90 /* Global */,
			);
			path = BitcoinApp;
			sourceTree = "<group>";
		};
		6BD771D623F5401F00E73F5B /* Service */ = {
			isa = PBXGroup;
			children = (
				6BD771D923F5425400E73F5B /* NetService.swift */,
				6BD771D723F540F500E73F5B /* CoinsNetworking.swift */,
			);
			path = Service;
			sourceTree = "<group>";
		};
		6BD771DB23F5518300E73F5B /* Service */ = {
			isa = PBXGroup;
			children = (
				6BD771DC23F551A600E73F5B /* NetwService.swift */,
				6BD771DE23F551B900E73F5B /* NewsNetworking.swift */,
			);
			path = Service;
			sourceTree = "<group>";
		};
		F2CBBB4E0C42DAD5823FC777 /* Pods */ = {
			isa = PBXGroup;
			children = (
				7B417328F8642C5B9657896C /* Pods-BitcoinApp.debug.xcconfig */,
				BE2A60C4C4135EE7D12A9EE4 /* Pods-BitcoinApp.release.xcconfig */,
			);
			path = Pods;
			sourceTree = "<group>";
		};
/* End PBXGroup section */

/* Begin PBXNativeTarget section */
		6B53661F23D9A97200E90743 /* BitcoinApp */ = {
			isa = PBXNativeTarget;
			buildConfigurationList = 6B53663423D9A97500E90743 /* Build configuration list for PBXNativeTarget "BitcoinApp" */;
			buildPhases = (
				4B947DD8012A2F94680E8E83 /* [CP] Check Pods Manifest.lock */,
				6B53661C23D9A97200E90743 /* Sources */,
				6B53661D23D9A97200E90743 /* Frameworks */,
				6B53661E23D9A97200E90743 /* Resources */,
				6F4D06AFF49FF0EE2523E653 /* [CP] Embed Pods Frameworks */,
			);
			buildRules = (
			);
			dependencies = (
			);
			name = BitcoinApp;
			productName = BitcoinApp;
			productReference = 6B53662023D9A97200E90743 /* BitcoinApp.app */;
			productType = "com.apple.product-type.application";
		};
/* End PBXNativeTarget section */

/* Begin PBXProject section */
		6B53661823D9A97200E90743 /* Project object */ = {
			isa = PBXProject;
			attributes = {
				LastSwiftUpdateCheck = 1130;
				LastUpgradeCheck = 1130;
				ORGANIZATIONNAME = "Abrar Ibrahim";
				TargetAttributes = {
					6B53661F23D9A97200E90743 = {
						CreatedOnToolsVersion = 11.3;
					};
				};
			};
			buildConfigurationList = 6B53661B23D9A97200E90743 /* Build configuration list for PBXProject "BitcoinApp" */;
			compatibilityVersion = "Xcode 9.3";
			developmentRegion = en;
			hasScannedForEncodings = 0;
			knownRegions = (
				en,
				Base,
			);
			mainGroup = 6B53661723D9A97200E90743;
			productRefGroup = 6B53662123D9A97200E90743 /* Products */;
			projectDirPath = "";
			projectRoot = "";
			targets = (
				6B53661F23D9A97200E90743 /* BitcoinApp */,
			);
		};
/* End PBXProject section */

/* Begin PBXResourcesBuildPhase section */
		6B53661E23D9A97200E90743 /* Resources */ = {
			isa = PBXResourcesBuildPhase;
			buildActionMask = 2147483647;
			files = (
				6B53663023D9A97500E90743 /* LaunchScreen.storyboard in Resources */,
				6B53662D23D9A97500E90743 /* Assets.xcassets in Resources */,
				6B53662B23D9A97200E90743 /* Main.storyboard in Resources */,
			);
			runOnlyForDeploymentPostprocessing = 0;
		};
/* End PBXResourcesBuildPhase section */

/* Begin PBXShellScriptBuildPhase section */
		4B947DD8012A2F94680E8E83 /* [CP] Check Pods Manifest.lock */ = {
			isa = PBXShellScriptBuildPhase;
			buildActionMask = 2147483647;
			files = (
			);
			inputFileListPaths = (
			);
			inputPaths = (
				"${PODS_PODFILE_DIR_PATH}/Podfile.lock",
				"${PODS_ROOT}/Manifest.lock",
			);
			name = "[CP] Check Pods Manifest.lock";
			outputFileListPaths = (
			);
			outputPaths = (
				"$(DERIVED_FILE_DIR)/Pods-BitcoinApp-checkManifestLockResult.txt",
			);
			runOnlyForDeploymentPostprocessing = 0;
			shellPath = /bin/sh;
			shellScript = "diff \"${PODS_PODFILE_DIR_PATH}/Podfile.lock\" \"${PODS_ROOT}/Manifest.lock\" > /dev/null\nif [ $? != 0 ] ; then\n    # print error to STDERR\n    echo \"error: The sandbox is not in sync with the Podfile.lock. Run 'pod install' or update your CocoaPods installation.\" >&2\n    exit 1\nfi\n# This output is used by Xcode 'outputs' to avoid re-running this script phase.\necho \"SUCCESS\" > \"${SCRIPT_OUTPUT_FILE_0}\"\n";
			showEnvVarsInLog = 0;
		};
		6F4D06AFF49FF0EE2523E653 /* [CP] Embed Pods Frameworks */ = {
			isa = PBXShellScriptBuildPhase;
			buildActionMask = 2147483647;
			files = (
			);
			inputFileListPaths = (
				"${PODS_ROOT}/Target Support Files/Pods-BitcoinApp/Pods-BitcoinApp-frameworks-${CONFIGURATION}-input-files.xcfilelist",
			);
			name = "[CP] Embed Pods Frameworks";
			outputFileListPaths = (
				"${PODS_ROOT}/Target Support Files/Pods-BitcoinApp/Pods-BitcoinApp-frameworks-${CONFIGURATION}-output-files.xcfilelist",
			);
			runOnlyForDeploymentPostprocessing = 0;
			shellPath = /bin/sh;
			shellScript = "\"${PODS_ROOT}/Target Support Files/Pods-BitcoinApp/Pods-BitcoinApp-frameworks.sh\"\n";
			showEnvVarsInLog = 0;
		};
/* End PBXShellScriptBuildPhase section */

/* Begin PBXSourcesBuildPhase section */
		6B53661C23D9A97200E90743 /* Sources */ = {
			isa = PBXSourcesBuildPhase;
			buildActionMask = 2147483647;
			files = (
				6BD771CC23F5319500E73F5B /* TickersViewController.swift in Sources */,
				6BD771D423F53F9600E73F5B /* CoinsCell.swift in Sources */,
				6BD771E723F5521A00E73F5B /* NewsTableViewCell.swift in Sources */,
				6BD771DA23F5425400E73F5B /* NetService.swift in Sources */,
				6BD771E523F551F900E73F5B /* NewsViewController.swift in Sources */,
				6BD771E323F551DC00E73F5B /* GetNews.swift in Sources */,
				6BD771D223F5333200E73F5B /* NetError.swift in Sources */,
				6BD771DF23F551B900E73F5B /* NewsNetworking.swift in Sources */,
				6BD771D823F540F500E73F5B /* CoinsNetworking.swift in Sources */,
				6BD771CE23F5320F00E73F5B /* Coins.swift in Sources */,
				6B53662423D9A97200E90743 /* AppDelegate.swift in Sources */,
				6BD771DD23F551A600E73F5B /* NetwService.swift in Sources */,
				6B53663A23D9C0F900E90743 /* SettingsViewController.swift in Sources */,
				6B53662623D9A97200E90743 /* SceneDelegate.swift in Sources */,
				6BD771E123F551CD00E73F5B /* News.swift in Sources */,
				6BD771D023F532D000E73F5B /* GetCoins.swift in Sources */,
			);
			runOnlyForDeploymentPostprocessing = 0;
		};
/* End PBXSourcesBuildPhase section */

/* Begin PBXVariantGroup section */
		6B53662923D9A97200E90743 /* Main.storyboard */ = {
			isa = PBXVariantGroup;
			children = (
				6B53662A23D9A97200E90743 /* Base */,
			);
			name = Main.storyboard;
			sourceTree = "<group>";
		};
		6B53662E23D9A97500E90743 /* LaunchScreen.storyboard */ = {
			isa = PBXVariantGroup;
			children = (
				6B53662F23D9A97500E90743 /* Base */,
			);
			name = LaunchScreen.storyboard;
			sourceTree = "<group>";
		};
/* End PBXVariantGroup section */

/* Begin XCBuildConfiguration section */
		6B53663223D9A97500E90743 /* Debug */ = {
			isa = XCBuildConfiguration;
			buildSettings = {
				ALWAYS_SEARCH_USER_PATHS = NO;
				CLANG_ANALYZER_NONNULL = YES;
				CLANG_ANALYZER_NUMBER_OBJECT_CONVERSION = YES_AGGRESSIVE;
				CLANG_CXX_LANGUAGE_STANDARD = "gnu++14";
				CLANG_CXX_LIBRARY = "libc++";
				CLANG_ENABLE_MODULES = YES;
				CLANG_ENABLE_OBJC_ARC = YES;
				CLANG_ENABLE_OBJC_WEAK = YES;
				CLANG_WARN_BLOCK_CAPTURE_AUTORELEASING = YES;
				CLANG_WARN_BOOL_CONVERSION = YES;
				CLANG_WARN_COMMA = YES;
				CLANG_WARN_CONSTANT_CONVERSION = YES;
				CLANG_WARN_DEPRECATED_OBJC_IMPLEMENTATIONS = YES;
				CLANG_WARN_DIRECT_OBJC_ISA_USAGE = YES_ERROR;
				CLANG_WARN_DOCUMENTATION_COMMENTS = YES;
				CLANG_WARN_EMPTY_BODY = YES;
				CLANG_WARN_ENUM_CONVERSION = YES;
				CLANG_WARN_INFINITE_RECURSION = YES;
				CLANG_WARN_INT_CONVERSION = YES;
				CLANG_WARN_NON_LITERAL_NULL_CONVERSION = YES;
				CLANG_WARN_OBJC_IMPLICIT_RETAIN_SELF = YES;
				CLANG_WARN_OBJC_LITERAL_CONVERSION = YES;
				CLANG_WARN_OBJC_ROOT_CLASS = YES_ERROR;
				CLANG_WARN_RANGE_LOOP_ANALYSIS = YES;
				CLANG_WARN_STRICT_PROTOTYPES = YES;
				CLANG_WARN_SUSPICIOUS_MOVE = YES;
				CLANG_WARN_UNGUARDED_AVAILABILITY = YES_AGGRESSIVE;
				CLANG_WARN_UNREACHABLE_CODE = YES;
				CLANG_WARN__DUPLICATE_METHOD_MATCH = YES;
				COPY_PHASE_STRIP = NO;
				DEBUG_INFORMATION_FORMAT = dwarf;
				ENABLE_STRICT_OBJC_MSGSEND = YES;
				ENABLE_TESTABILITY = YES;
				GCC_C_LANGUAGE_STANDARD = gnu11;
				GCC_DYNAMIC_NO_PIC = NO;
				GCC_NO_COMMON_BLOCKS = YES;
				GCC_OPTIMIZATION_LEVEL = 0;
				GCC_PREPROCESSOR_DEFINITIONS = (
					"DEBUG=1",
					"$(inherited)",
				);
				GCC_WARN_64_TO_32_BIT_CONVERSION = YES;
				GCC_WARN_ABOUT_RETURN_TYPE = YES_ERROR;
				GCC_WARN_UNDECLARED_SELECTOR = YES;
				GCC_WARN_UNINITIALIZED_AUTOS = YES_AGGRESSIVE;
				GCC_WARN_UNUSED_FUNCTION = YES;
				GCC_WARN_UNUSED_VARIABLE = YES;
				IPHONEOS_DEPLOYMENT_TARGET = 13.2;
				MTL_ENABLE_DEBUG_INFO = INCLUDE_SOURCE;
				MTL_FAST_MATH = YES;
				ONLY_ACTIVE_ARCH = YES;
				SDKROOT = iphoneos;
				SWIFT_ACTIVE_COMPILATION_CONDITIONS = DEBUG;
				SWIFT_OPTIMIZATION_LEVEL = "-Onone";
			};
			name = Debug;
		};
		6B53663323D9A97500E90743 /* Release */ = {
			isa = XCBuildConfiguration;
			buildSettings = {
				ALWAYS_SEARCH_USER_PATHS = NO;
				CLANG_ANALYZER_NONNULL = YES;
				CLANG_ANALYZER_NUMBER_OBJECT_CONVERSION = YES_AGGRESSIVE;
				CLANG_CXX_LANGUAGE_STANDARD = "gnu++14";
				CLANG_CXX_LIBRARY = "libc++";
				CLANG_ENABLE_MODULES = YES;
				CLANG_ENABLE_OBJC_ARC = YES;
				CLANG_ENABLE_OBJC_WEAK = YES;
				CLANG_WARN_BLOCK_CAPTURE_AUTORELEASING = YES;
				CLANG_WARN_BOOL_CONVERSION = YES;
				CLANG_WARN_COMMA = YES;
				CLANG_WARN_CONSTANT_CONVERSION = YES;
				CLANG_WARN_DEPRECATED_OBJC_IMPLEMENTATIONS = YES;
				CLANG_WARN_DIRECT_OBJC_ISA_USAGE = YES_ERROR;
				CLANG_WARN_DOCUMENTATION_COMMENTS = YES;
				CLANG_WARN_EMPTY_BODY = YES;
				CLANG_WARN_ENUM_CONVERSION = YES;
				CLANG_WARN_INFINITE_RECURSION = YES;
				CLANG_WARN_INT_CONVERSION = YES;
				CLANG_WARN_NON_LITERAL_NULL_CONVERSION = YES;
				CLANG_WARN_OBJC_IMPLICIT_RETAIN_SELF = YES;
				CLANG_WARN_OBJC_LITERAL_CONVERSION = YES;
				CLANG_WARN_OBJC_ROOT_CLASS = YES_ERROR;
				CLANG_WARN_RANGE_LOOP_ANALYSIS = YES;
				CLANG_WARN_STRICT_PROTOTYPES = YES;
				CLANG_WARN_SUSPICIOUS_MOVE = YES;
				CLANG_WARN_UNGUARDED_AVAILABILITY = YES_AGGRESSIVE;
				CLANG_WARN_UNREACHABLE_CODE = YES;
				CLANG_WARN__DUPLICATE_METHOD_MATCH = YES;
				COPY_PHASE_STRIP = NO;
				DEBUG_INFORMATION_FORMAT = "dwarf-with-dsym";
				ENABLE_NS_ASSERTIONS = NO;
				ENABLE_STRICT_OBJC_MSGSEND = YES;
				GCC_C_LANGUAGE_STANDARD = gnu11;
				GCC_NO_COMMON_BLOCKS = YES;
				GCC_WARN_64_TO_32_BIT_CONVERSION = YES;
				GCC_WARN_ABOUT_RETURN_TYPE = YES_ERROR;
				GCC_WARN_UNDECLARED_SELECTOR = YES;
				GCC_WARN_UNINITIALIZED_AUTOS = YES_AGGRESSIVE;
				GCC_WARN_UNUSED_FUNCTION = YES;
				GCC_WARN_UNUSED_VARIABLE = YES;
				IPHONEOS_DEPLOYMENT_TARGET = 13.2;
				MTL_ENABLE_DEBUG_INFO = NO;
				MTL_FAST_MATH = YES;
				SDKROOT = iphoneos;
				SWIFT_COMPILATION_MODE = wholemodule;
				SWIFT_OPTIMIZATION_LEVEL = "-O";
				VALIDATE_PRODUCT = YES;
			};
			name = Release;
		};
		6B53663523D9A97500E90743 /* Debug */ = {
			isa = XCBuildConfiguration;
			baseConfigurationReference = 7B417328F8642C5B9657896C /* Pods-BitcoinApp.debug.xcconfig */;
			buildSettings = {
				ASSETCATALOG_COMPILER_APPICON_NAME = AppIcon;
				CODE_SIGN_STYLE = Automatic;
				DEVELOPMENT_TEAM = KD92ZK28V6;
				INFOPLIST_FILE = BitcoinApp/Info.plist;
				LD_RUNPATH_SEARCH_PATHS = (
					"$(inherited)",
					"@executable_path/Frameworks",
				);
				PRODUCT_BUNDLE_IDENTIFIER = AB.Ib.BitcoinApp;
				PRODUCT_NAME = "$(TARGET_NAME)";
				SWIFT_VERSION = 5.0;
				TARGETED_DEVICE_FAMILY = "1,2";
			};
			name = Debug;
		};
		6B53663623D9A97500E90743 /* Release */ = {
			isa = XCBuildConfiguration;
			baseConfigurationReference = BE2A60C4C4135EE7D12A9EE4 /* Pods-BitcoinApp.release.xcconfig */;
			buildSettings = {
				ASSETCATALOG_COMPILER_APPICON_NAME = AppIcon;
				CODE_SIGN_STYLE = Automatic;
				DEVELOPMENT_TEAM = KD92ZK28V6;
				INFOPLIST_FILE = BitcoinApp/Info.plist;
				LD_RUNPATH_SEARCH_PATHS = (
					"$(inherited)",
					"@executable_path/Frameworks",
				);
				PRODUCT_BUNDLE_IDENTIFIER = AB.Ib.BitcoinApp;
				PRODUCT_NAME = "$(TARGET_NAME)";
				SWIFT_VERSION = 5.0;
				TARGETED_DEVICE_FAMILY = "1,2";
			};
			name = Release;
		};
/* End XCBuildConfiguration section */

/* Begin XCConfigurationList section */
		6B53661B23D9A97200E90743 /* Build configuration list for PBXProject "BitcoinApp" */ = {
			isa = XCConfigurationList;
			buildConfigurations = (
				6B53663223D9A97500E90743 /* Debug */,
				6B53663323D9A97500E90743 /* Release */,
			);
			defaultConfigurationIsVisible = 0;
			defaultConfigurationName = Release;
		};
		6B53663423D9A97500E90743 /* Build configuration list for PBXNativeTarget "BitcoinApp" */ = {
			isa = XCConfigurationList;
			buildConfigurations = (
				6B53663523D9A97500E90743 /* Debug */,
				6B53663623D9A97500E90743 /* Release */,
			);
			defaultConfigurationIsVisible = 0;
			defaultConfigurationName = Release;
		};
/* End XCConfigurationList section */
	};
	rootObject = 6B53661823D9A97200E90743 /* Project object */;
}
